// !$*UTF8*$!
{
	archiveVersion = 1;
	classes = {
	};
	objectVersion = 46;
	objects = {

/* Begin PBXBuildFile section */
		892D55D11CC892E5003EE4E4 /* main.m in Sources */ = {isa = PBXBuildFile; fileRef = 892D55D01CC892E5003EE4E4 /* main.m */; };
		892D55D41CC892E5003EE4E4 /* AppDelegate.m in Sources */ = {isa = PBXBuildFile; fileRef = 892D55D31CC892E5003EE4E4 /* AppDelegate.m */; };
		892D55D71CC892E5003EE4E4 /* ViewController.m in Sources */ = {isa = PBXBuildFile; fileRef = 892D55D61CC892E5003EE4E4 /* ViewController.m */; };
		892D55DA1CC892E5003EE4E4 /* Main.storyboard in Resources */ = {isa = PBXBuildFile; fileRef = 892D55D81CC892E5003EE4E4 /* Main.storyboard */; };
		892D55DC1CC892E5003EE4E4 /* Assets.xcassets in Resources */ = {isa = PBXBuildFile; fileRef = 892D55DB1CC892E5003EE4E4 /* Assets.xcassets */; };
		892D55DF1CC892E5003EE4E4 /* LaunchScreen.storyboard in Resources */ = {isa = PBXBuildFile; fileRef = 892D55DD1CC892E5003EE4E4 /* LaunchScreen.storyboard */; };
		892D55E81CC89437003EE4E4 /* TextTableViewCell.m in Sources */ = {isa = PBXBuildFile; fileRef = 892D55E71CC89437003EE4E4 /* TextTableViewCell.m */; };
/* End PBXBuildFile section */

/* Begin PBXFileReference section */
		892D55CC1CC892E4003EE4E4 /* TestBubbleMessage.app */ = {isa = PBXFileReference; explicitFileType = wrapper.application; includeInIndex = 0; path = TestBubbleMessage.app; sourceTree = BUILT_PRODUCTS_DIR; };
		892D55D01CC892E5003EE4E4 /* main.m */ = {isa = PBXFileReference; lastKnownFileType = sourcecode.c.objc; path = main.m; sourceTree = "<group>"; };
		892D55D21CC892E5003EE4E4 /* AppDelegate.h */ = {isa = PBXFileReference; lastKnownFileType = sourcecode.c.h; path = AppDelegate.h; sourceTree = "<group>"; };
		892D55D31CC892E5003EE4E4 /* AppDelegate.m */ = {isa = PBXFileReference; lastKnownFileType = sourcecode.c.objc; path = AppDelegate.m; sourceTree = "<group>"; };
		892D55D51CC892E5003EE4E4 /* ViewController.h */ = {isa = PBXFileReference; lastKnownFileType = sourcecode.c.h; path = ViewController.h; sourceTree = "<group>"; };
		892D55D61CC892E5003EE4E4 /* ViewController.m */ = {isa = PBXFileReference; lastKnownFileType = sourcecode.c.objc; path = ViewController.m; sourceTree = "<group>"; };
		892D55D91CC892E5003EE4E4 /* Base */ = {isa = PBXFileReference; lastKnownFileType = file.storyboard; name = Base; path = Base.lproj/Main.storyboard; sourceTree = "<group>"; };
		892D55DB1CC892E5003EE4E4 /* Assets.xcassets */ = {isa = PBXFileReference; lastKnownFileType = folder.assetcatalog; path = Assets.xcassets; sourceTree = "<group>"; };
		892D55DE1CC892E5003EE4E4 /* Base */ = {isa = PBXFileReference; lastKnownFileType = file.storyboard; name = Base; path = Base.lproj/LaunchScreen.storyboard; sourceTree = "<group>"; };
		892D55E01CC892E5003EE4E4 /* Info.plist */ = {isa = PBXFileReference; lastKnownFileType = text.plist.xml; path = Info.plist; sourceTree = "<group>"; };
		892D55E61CC89437003EE4E4 /* TextTableViewCell.h */ = {isa = PBXFileReference; fileEncoding = 4; lastKnownFileType = sourcecode.c.h; path = TextTableViewCell.h; sourceTree = "<group>"; };
		892D55E71CC89437003EE4E4 /* TextTableViewCell.m */ = {isa = PBXFileReference; fileEncoding = 4; lastKnownFileType = sourcecode.c.objc; path = TextTableViewCell.m; sourceTree = "<group>"; };
/* End PBXFileReference section */

/* Begin PBXFrameworksBuildPhase section */
		892D55C91CC892E4003EE4E4 /* Frameworks */ = {
			isa = PBXFrameworksBuildPhase;
			buildActionMask = 2147483647;
			files = (
			);
			runOnlyForDeploymentPostprocessing = 0;
		};
/* End PBXFrameworksBuildPhase section */

/* Begin PBXGroup section */
		892D55C31CC892E4003EE4E4 = {
			isa = PBXGroup;
			children = (
				892D55CE1CC892E5003EE4E4 /* TestBubbleMessage */,
				892D55CD1CC892E4003EE4E4 /* Products */,
			);
			sourceTree = "<group>";
		};
		892D55CD1CC892E4003EE4E4 /* Products */ = {
			isa = PBXGroup;
			children = (
				892D55CC1CC892E4003EE4E4 /* TestBubbleMessage.app */,
			);
			name = Products;
			sourceTree = "<group>";
		};
		892D55CE1CC892E5003EE4E4 /* TestBubbleMessage */ = {
			isa = PBXGroup;
			children = (
				892D55D21CC892E5003EE4E4 /* AppDelegate.h */,
				892D55D31CC892E5003EE4E4 /* AppDelegate.m */,
				892D55D51CC892E5003EE4E4 /* ViewController.h */,
				892D55D61CC892E5003EE4E4 /* ViewController.m */,
				892D55D81CC892E5003EE4E4 /* Main.storyboard */,
				892D55DB1CC892E5003EE4E4 /* Assets.xcassets */,
				892D55DD1CC892E5003EE4E4 /* LaunchScreen.storyboard */,
				892D55E01CC892E5003EE4E4 /* Info.plist */,
				892D55CF1CC892E5003EE4E4 /* Supporting Files */,
				892D55E61CC89437003EE4E4 /* TextTableViewCell.h */,
				892D55E71CC89437003EE4E4 /* TextTableViewCell.m */,
			);
			path = TestBubbleMessage;
			sourceTree = "<group>";
		};
		892D55CF1CC892E5003EE4E4 /* Supporting Files */ = {
			isa = PBXGroup;
			children = (
				892D55D01CC892E5003EE4E4 /* main.m */,
			);
			name = "Supporting Files";
			sourceTree = "<group>";
		};
/* End PBXGroup section */

/* Begin PBXNativeTarget section */
		892D55CB1CC892E4003EE4E4 /* TestBubbleMessage */ = {
			isa = PBXNativeTarget;
			buildConfigurationList = 892D55E31CC892E5003EE4E4 /* Build configuration list for PBXNativeTarget "TestBubbleMessage" */;
			buildPhases = (
				892D55C81CC892E4003EE4E4 /* Sources */,
				892D55C91CC892E4003EE4E4 /* Frameworks */,
				892D55CA1CC892E4003EE4E4 /* Resources */,
			);
			buildRules = (
			);
			dependencies = (
			);
			name = TestBubbleMessage;
			productName = TestBubbleMessage;
			productReference = 892D55CC1CC892E4003EE4E4 /* TestBubbleMessage.app */;
			productType = "com.apple.product-type.application";
		};
/* End PBXNativeTarget section */

/* Begin PBXProject section */
		892D55C41CC892E4003EE4E4 /* Project object */ = {
			isa = PBXProject;
			attributes = {
				LastUpgradeCheck = 0730;
				ORGANIZATIONNAME = "Eakawat Tantamjarik";
				TargetAttributes = {
					892D55CB1CC892E4003EE4E4 = {
						CreatedOnToolsVersion = 7.3;
					};
				};
			};
			buildConfigurationList = 892D55C71CC892E4003EE4E4 /* Build configuration list for PBXProject "TestBubbleMessage" */;
			compatibilityVersion = "Xcode 3.2";
			developmentRegion = English;
			hasScannedForEncodings = 0;
			knownRegions = (
				en,
				Base,
			);
			mainGroup = 892D55C31CC892E4003EE4E4;
			productRefGroup = 892D55CD1CC892E4003EE4E4 /* Products */;
			projectDirPath = "";
			projectRoot = "";
			targets = (
				892D55CB1CC892E4003EE4E4 /* TestBubbleMessage */,
			);
		};
/* End PBXProject section */

/* Begin PBXResourcesBuildPhase section */
		892D55CA1CC892E4003EE4E4 /* Resources */ = {
			isa = PBXResourcesBuildPhase;
			buildActionMask = 2147483647;
			files = (
				892D55DF1CC892E5003EE4E4 /* LaunchScreen.storyboard in Resources */,
				892D55DC1CC892E5003EE4E4 /* Assets.xcassets in Resources */,
				892D55DA1CC892E5003EE4E4 /* Main.storyboard in Resources */,
			);
			runOnlyForDeploymentPostprocessing = 0;
		};
/* End PBXResourcesBuildPhase section */

/* Begin PBXSourcesBuildPhase section */
		892D55C81CC892E4003EE4E4 /* Sources */ = {
			isa = PBXSourcesBuildPhase;
			buildActionMask = 2147483647;
			files = (
				892D55D71CC892E5003EE4E4 /* ViewController.m in Sources */,
				892D55D41CC892E5003EE4E4 /* AppDelegate.m in Sources */,
				892D55E81CC89437003EE4E4 /* TextTableViewCell.m in Sources */,
				892D55D11CC892E5003EE4E4 /* main.m in Sources */,
			);
			runOnlyForDeploymentPostprocessing = 0;
		};
/* End PBXSourcesBuildPhase section */

/* Begin PBXVariantGroup section */
		892D55D81CC892E5003EE4E4 /* Main.storyboard */ = {
			isa = PBXVariantGroup;
			children = (
				892D55D91CC892E5003EE4E4 /* Base */,
			);
			name = Main.storyboard;
			sourceTree = "<group>";
		};
		892D55DD1CC892E5003EE4E4 /* LaunchScreen.storyboard */ = {
			isa = PBXVariantGroup;
			children = (
				892D55DE1CC892E5003EE4E4 /* Base */,
			);
			name = LaunchScreen.storyboard;
			sourceTree = "<group>";
		};
/* End PBXVariantGroup section */

/* Begin XCBuildConfiguration section */
		892D55E11CC892E5003EE4E4 /* Debug */ = {
			isa = XCBuildConfiguration;
			buildSettings = {
				ALWAYS_SEARCH_USER_PATHS = NO;
				CLANG_ANALYZER_NONNULL = YES;
				CLANG_CXX_LANGUAGE_STANDARD = "gnu++0x";
				CLANG_CXX_LIBRARY = "libc++";
				CLANG_ENABLE_MODULES = YES;
				CLANG_ENABLE_OBJC_ARC = YES;
				CLANG_WARN_BOOL_CONVERSION = YES;
				CLANG_WARN_CONSTANT_CONVERSION = YES;
				CLANG_WARN_DIRECT_OBJC_ISA_USAGE = YES_ERROR;
				CLANG_WARN_EMPTY_BODY = YES;
				CLANG_WARN_ENUM_CONVERSION = YES;
				CLANG_WARN_INT_CONVERSION = YES;
				CLANG_WARN_OBJC_ROOT_CLASS = YES_ERROR;
				CLANG_WARN_UNREACHABLE_CODE = YES;
				CLANG_WARN__DUPLICATE_METHOD_MATCH = YES;
				"CODE_SIGN_IDENTITY[sdk=iphoneos*]" = "iPhone Developer";
				COPY_PHASE_STRIP = NO;
				DEBUG_INFORMATION_FORMAT = dwarf;
				ENABLE_STRICT_OBJC_MSGSEND = YES;
				ENABLE_TESTABILITY = YES;
				GCC_C_LANGUAGE_STANDARD = gnu99;
				GCC_DYNAMIC_NO_PIC = NO;
				GCC_NO_COMMON_BLOCKS = YES;
				GCC_OPTIMIZATION_LEVEL = 0;
				GCC_PREPROCESSOR_DEFINITIONS = (
					"DEBUG=1",
					"$(inherited)",
				);
				GCC_WARN_64_TO_32_BIT_CONVERSION = YES;
				GCC_WARN_ABOUT_RETURN_TYPE = YES_ERROR;
				GCC_WARN_UNDECLARED_SELECTOR = YES;
				GCC_WARN_UNINITIALIZED_AUTOS = YES_AGGRESSIVE;
				GCC_WARN_UNUSED_FUNCTION = YES;
				GCC_WARN_UNUSED_VARIABLE = YES;
				IPHONEOS_DEPLOYMENT_TARGET = 9.3;
				MTL_ENABLE_DEBUG_INFO = YES;
				ONLY_ACTIVE_ARCH = YES;
				SDKROOT = iphoneos;
			};
			name = Debug;
		};
		892D55E21CC892E5003EE4E4 /* Release */ = {
			isa = XCBuildConfiguration;
			buildSettings = {
				ALWAYS_SEARCH_USER_PATHS = NO;
				CLANG_ANALYZER_NONNULL = YES;
				CLANG_CXX_LANGUAGE_STANDARD = "gnu++0x";
				CLANG_CXX_LIBRARY = "libc++";
				CLANG_ENABLE_MODULES = YES;
				CLANG_ENABLE_OBJC_ARC = YES;
				CLANG_WARN_BOOL_CONVERSION = YES;
				CLANG_WARN_CONSTANT_CONVERSION = YES;
				CLANG_WARN_DIRECT_OBJC_ISA_USAGE = YES_ERROR;
				CLANG_WARN_EMPTY_BODY = YES;
				CLANG_WARN_ENUM_CONVERSION = YES;
				CLANG_WARN_INT_CONVERSION = YES;
				CLANG_WARN_OBJC_ROOT_CLASS = YES_ERROR;
				CLANG_WARN_UNREACHABLE_CODE = YES;
				CLANG_WARN__DUPLICATE_METHOD_MATCH = YES;
				"CODE_SIGN_IDENTITY[sdk=iphoneos*]" = "iPhone Developer";
				COPY_PHASE_STRIP = NO;
				DEBUG_INFORMATION_FORMAT = "dwarf-with-dsym";
				ENABLE_NS_ASSERTIONS = NO;
				ENABLE_STRICT_OBJC_MSGSEND = YES;
				GCC_C_LANGUAGE_STANDARD = gnu99;
				GCC_NO_COMMON_BLOCKS = YES;
				GCC_WARN_64_TO_32_BIT_CONVERSION = YES;
				GCC_WARN_ABOUT_RETURN_TYPE = YES_ERROR;
				GCC_WARN_UNDECLARED_SELECTOR = YES;
				GCC_WARN_UNINITIALIZED_AUTOS = YES_AGGRESSIVE;
				GCC_WARN_UNUSED_FUNCTION = YES;
				GCC_WARN_UNUSED_VARIABLE = YES;
				IPHONEOS_DEPLOYMENT_TARGET = 9.3;
				MTL_ENABLE_DEBUG_INFO = NO;
				SDKROOT = iphoneos;
				VALIDATE_PRODUCT = YES;
			};
			name = Release;
		};
		892D55E41CC892E5003EE4E4 /* Debug */ = {
			isa = XCBuildConfiguration;
			buildSettings = {
				ASSETCATALOG_COMPILER_APPICON_NAME = AppIcon;
				INFOPLIST_FILE = TestBubbleMessage/Info.plist;
				LD_RUNPATH_SEARCH_PATHS = "$(inherited) @executable_path/Frameworks";
				PRODUCT_BUNDLE_IDENTIFIER = com.example.TestBubbleMessage;
				PRODUCT_NAME = "$(TARGET_NAME)";
			};
			name = Debug;
		};
		892D55E51CC892E5003EE4E4 /* Release */ = {
			isa = XCBuildConfiguration;
			buildSettings = {
				ASSETCATALOG_COMPILER_APPICON_NAME = AppIcon;
				INFOPLIST_FILE = TestBubbleMessage/Info.plist;
				LD_RUNPATH_SEARCH_PATHS = "$(inherited) @executable_path/Frameworks";
				PRODUCT_BUNDLE_IDENTIFIER = com.example.TestBubbleMessage;
				PRODUCT_NAME = "$(TARGET_NAME)";
			};
			name = Release;
		};
/* End XCBuildConfiguration section */

/* Begin XCConfigurationList section */
		892D55C71CC892E4003EE4E4 /* Build configuration list for PBXProject "TestBubbleMessage" */ = {
			isa = XCConfigurationList;
			buildConfigurations = (
				892D55E11CC892E5003EE4E4 /* Debug */,
				892D55E21CC892E5003EE4E4 /* Release */,
			);
			defaultConfigurationIsVisible = 0;
			defaultConfigurationName = Release;
		};
		892D55E31CC892E5003EE4E4 /* Build configuration list for PBXNativeTarget "TestBubbleMessage" */ = {
			isa = XCConfigurationList;
			buildConfigurations = (
				892D55E41CC892E5003EE4E4 /* Debug */,
				892D55E51CC892E5003EE4E4 /* Release */,
			);
			defaultConfigurationIsVisible = 0;
		};
/* End XCConfigurationList section */
	};
	rootObject = 892D55C41CC892E4003EE4E4 /* Project object */;
}
